
Microsoft Visual Studio Solution File, Format Version 12.00
# Visual Studio 2013
VisualStudioVersion = 12.0.21005.1
MinimumVisualStudioVersion = 10.0.40219.1
Project("{FAE04EC0-301F-11D3-BF4B-00C04F79EFBC}") = "01-StringBuilderExtensions", "01-StringBuilderExtensions\01-StringBuilderExtensions.csproj", "{361FE26F-2F3E-4849-AC68-44DF411D6D61}"
EndProject
Project("{FAE04EC0-301F-11D3-BF4B-00C04F79EFBC}") = "02-CustomLINQExtensionMethods", "02-CustomLINQExtensionMethods\02-CustomLINQExtensionMethods.csproj", "{9B07606A-A371-4F57-9716-DEE5F27CDBDD}"
EndProject
Project("{FAE04EC0-301F-11D3-BF4B-00C04F79EFBC}") = "03-ClassStudent", "03-ClassStudent\03-ClassStudent.csproj", "{C622B9B8-F63B-4F02-9561-B62C6EFCFA1F}"
EndProject
Global
	GlobalSection(SolutionConfigurationPlatforms) = preSolution
		Debug|Any CPU = Debug|Any CPU
		Release|Any CPU = Release|Any CPU
	EndGlobalSection
	GlobalSection(ProjectConfigurationPlatforms) = postSolution
		{361FE26F-2F3E-4849-AC68-44DF411D6D61}.Debug|Any CPU.ActiveCfg = Debug|Any CPU
		{361FE26F-2F3E-4849-AC68-44DF411D6D61}.Debug|Any CPU.Build.0 = Debug|Any CPU
		{361FE26F-2F3E-4849-AC68-44DF411D6D61}.Release|Any CPU.ActiveCfg = Release|Any CPU
		{361FE26F-2F3E-4849-AC68-44DF411D6D61}.Release|Any CPU.Build.0 = Release|Any CPU
		{9B07606A-A371-4F57-9716-DEE5F27CDBDD}.Debug|Any CPU.ActiveCfg = Debug|Any CPU
		{9B07606A-A371-4F57-9716-DEE5F27CDBDD}.Debug|Any CPU.Build.0 = Debug|Any CPU
		{9B07606A-A371-4F57-9716-DEE5F27CDBDD}.Release|Any CPU.ActiveCfg = Release|Any CPU
		{9B07606A-A371-4F57-9716-DEE5F27CDBDD}.Release|Any CPU.Build.0 = Release|Any CPU
		{C622B9B8-F63B-4F02-9561-B62C6EFCFA1F}.Debug|Any CPU.ActiveCfg = Debug|Any CPU
		{C622B9B8-F63B-4F02-9561-B62C6EFCFA1F}.Debug|Any CPU.Build.0 = Debug|Any CPU
		{C622B9B8-F63B-4F02-9561-B62C6EFCFA1F}.Release|Any CPU.ActiveCfg = Release|Any CPU
		{C622B9B8-F63B-4F02-9561-B62C6EFCFA1F}.Release|Any CPU.Build.0 = Release|Any CPU
	EndGlobalSection
	GlobalSection(SolutionProperties) = preSolution
		HideSolutionNode = FALSE
	EndGlobalSection
EndGlobal
