
Microsoft Visual Studio Solution File, Format Version 12.00
# Visual Studio 2013
VisualStudioVersion = 12.0.21005.1
MinimumVisualStudioVersion = 10.0.40219.1
Project("{FAE04EC0-301F-11D3-BF4B-00C04F79EFBC}") = "02-DistanceCalculator", "02-DistanceCalculator\02-DistanceCalculator.csproj", "{BD19FCD2-033A-4941-9806-3A5B4390899C}"
EndProject
Project("{FAE04EC0-301F-11D3-BF4B-00C04F79EFBC}") = "03-Paths", "Paths\03-Paths.csproj", "{54F12EC3-DCF6-462F-92F8-3299F3BD1EAC}"
EndProject
Project("{FAE04EC0-301F-11D3-BF4B-00C04F79EFBC}") = "01-Points3D", "01-Points3D\01-Points3D.csproj", "{AD881E04-3E7F-4884-B33F-3AEE595A02A0}"
EndProject
Project("{FAE04EC0-301F-11D3-BF4B-00C04F79EFBC}") = "04-HTMLDispatcher", "04-HTMLDispatcher\04-HTMLDispatcher.csproj", "{665F52AF-701B-4F0B-8CF5-8D357B6E6C8E}"
EndProject
Project("{FAE04EC0-301F-11D3-BF4B-00C04F79EFBC}") = "05-BitArray", "05-BitArray\05-BitArray.csproj", "{B54BEC35-A51C-4364-A20B-213679B1D886}"
EndProject
Global
	GlobalSection(SolutionConfigurationPlatforms) = preSolution
		Debug|Any CPU = Debug|Any CPU
		Release|Any CPU = Release|Any CPU
	EndGlobalSection
	GlobalSection(ProjectConfigurationPlatforms) = postSolution
		{BD19FCD2-033A-4941-9806-3A5B4390899C}.Debug|Any CPU.ActiveCfg = Debug|Any CPU
		{BD19FCD2-033A-4941-9806-3A5B4390899C}.Debug|Any CPU.Build.0 = Debug|Any CPU
		{BD19FCD2-033A-4941-9806-3A5B4390899C}.Release|Any CPU.ActiveCfg = Release|Any CPU
		{BD19FCD2-033A-4941-9806-3A5B4390899C}.Release|Any CPU.Build.0 = Release|Any CPU
		{54F12EC3-DCF6-462F-92F8-3299F3BD1EAC}.Debug|Any CPU.ActiveCfg = Debug|Any CPU
		{54F12EC3-DCF6-462F-92F8-3299F3BD1EAC}.Debug|Any CPU.Build.0 = Debug|Any CPU
		{54F12EC3-DCF6-462F-92F8-3299F3BD1EAC}.Release|Any CPU.ActiveCfg = Release|Any CPU
		{54F12EC3-DCF6-462F-92F8-3299F3BD1EAC}.Release|Any CPU.Build.0 = Release|Any CPU
		{AD881E04-3E7F-4884-B33F-3AEE595A02A0}.Debug|Any CPU.ActiveCfg = Debug|Any CPU
		{AD881E04-3E7F-4884-B33F-3AEE595A02A0}.Debug|Any CPU.Build.0 = Debug|Any CPU
		{AD881E04-3E7F-4884-B33F-3AEE595A02A0}.Release|Any CPU.ActiveCfg = Release|Any CPU
		{AD881E04-3E7F-4884-B33F-3AEE595A02A0}.Release|Any CPU.Build.0 = Release|Any CPU
		{665F52AF-701B-4F0B-8CF5-8D357B6E6C8E}.Debug|Any CPU.ActiveCfg = Debug|Any CPU
		{665F52AF-701B-4F0B-8CF5-8D357B6E6C8E}.Debug|Any CPU.Build.0 = Debug|Any CPU
		{665F52AF-701B-4F0B-8CF5-8D357B6E6C8E}.Release|Any CPU.ActiveCfg = Release|Any CPU
		{665F52AF-701B-4F0B-8CF5-8D357B6E6C8E}.Release|Any CPU.Build.0 = Release|Any CPU
		{B54BEC35-A51C-4364-A20B-213679B1D886}.Debug|Any CPU.ActiveCfg = Debug|Any CPU
		{B54BEC35-A51C-4364-A20B-213679B1D886}.Debug|Any CPU.Build.0 = Debug|Any CPU
		{B54BEC35-A51C-4364-A20B-213679B1D886}.Release|Any CPU.ActiveCfg = Release|Any CPU
		{B54BEC35-A51C-4364-A20B-213679B1D886}.Release|Any CPU.Build.0 = Release|Any CPU
	EndGlobalSection
	GlobalSection(SolutionProperties) = preSolution
		HideSolutionNode = FALSE
	EndGlobalSection
EndGlobal
