
Microsoft Visual Studio Solution File, Format Version 12.00
# Visual Studio 2013
VisualStudioVersion = 12.0.21005.1
MinimumVisualStudioVersion = 10.0.40219.1
Project("{FAE04EC0-301F-11D3-BF4B-00C04F79EFBC}") = "01. EF Mappings", "01. EF Mappings\01. EF Mappings.csproj", "{DB6F15B4-E103-4F87-B9CE-40C25D12C57C}"
EndProject
Project("{FAE04EC0-301F-11D3-BF4B-00C04F79EFBC}") = "02. Export rivers as JSON", "02. Export rivers as JSON\02. Export rivers as JSON.csproj", "{79E846C7-A429-4C2B-B34C-1EF8D45AABFE}"
EndProject
Project("{FAE04EC0-301F-11D3-BF4B-00C04F79EFBC}") = "03. Export Monasteries by Country", "03. Export Monasteries by Country\03. Export Monasteries by Country.csproj", "{C9F1EF0F-EC46-4A62-9DEF-0E3DF74FC5BE}"
EndProject
Project("{FAE04EC0-301F-11D3-BF4B-00C04F79EFBC}") = "04. Import Rivers from XML", "04. Import Rivers from XML\04. Import Rivers from XML.csproj", "{1570A4CD-BD2E-42AB-A968-5E943E0E875C}"
EndProject
Project("{FAE04EC0-301F-11D3-BF4B-00C04F79EFBC}") = "05. EF Code First", "05. EF Code First\05. EF Code First.csproj", "{A161C9D3-A336-42CC-A15B-314EAD46ED84}"
EndProject
Global
	GlobalSection(SolutionConfigurationPlatforms) = preSolution
		Debug|Any CPU = Debug|Any CPU
		Release|Any CPU = Release|Any CPU
	EndGlobalSection
	GlobalSection(ProjectConfigurationPlatforms) = postSolution
		{DB6F15B4-E103-4F87-B9CE-40C25D12C57C}.Debug|Any CPU.ActiveCfg = Debug|Any CPU
		{DB6F15B4-E103-4F87-B9CE-40C25D12C57C}.Debug|Any CPU.Build.0 = Debug|Any CPU
		{DB6F15B4-E103-4F87-B9CE-40C25D12C57C}.Release|Any CPU.ActiveCfg = Release|Any CPU
		{DB6F15B4-E103-4F87-B9CE-40C25D12C57C}.Release|Any CPU.Build.0 = Release|Any CPU
		{79E846C7-A429-4C2B-B34C-1EF8D45AABFE}.Debug|Any CPU.ActiveCfg = Debug|Any CPU
		{79E846C7-A429-4C2B-B34C-1EF8D45AABFE}.Debug|Any CPU.Build.0 = Debug|Any CPU
		{79E846C7-A429-4C2B-B34C-1EF8D45AABFE}.Release|Any CPU.ActiveCfg = Release|Any CPU
		{79E846C7-A429-4C2B-B34C-1EF8D45AABFE}.Release|Any CPU.Build.0 = Release|Any CPU
		{C9F1EF0F-EC46-4A62-9DEF-0E3DF74FC5BE}.Debug|Any CPU.ActiveCfg = Debug|Any CPU
		{C9F1EF0F-EC46-4A62-9DEF-0E3DF74FC5BE}.Debug|Any CPU.Build.0 = Debug|Any CPU
		{C9F1EF0F-EC46-4A62-9DEF-0E3DF74FC5BE}.Release|Any CPU.ActiveCfg = Release|Any CPU
		{C9F1EF0F-EC46-4A62-9DEF-0E3DF74FC5BE}.Release|Any CPU.Build.0 = Release|Any CPU
		{1570A4CD-BD2E-42AB-A968-5E943E0E875C}.Debug|Any CPU.ActiveCfg = Debug|Any CPU
		{1570A4CD-BD2E-42AB-A968-5E943E0E875C}.Debug|Any CPU.Build.0 = Debug|Any CPU
		{1570A4CD-BD2E-42AB-A968-5E943E0E875C}.Release|Any CPU.ActiveCfg = Release|Any CPU
		{1570A4CD-BD2E-42AB-A968-5E943E0E875C}.Release|Any CPU.Build.0 = Release|Any CPU
		{A161C9D3-A336-42CC-A15B-314EAD46ED84}.Debug|Any CPU.ActiveCfg = Debug|Any CPU
		{A161C9D3-A336-42CC-A15B-314EAD46ED84}.Debug|Any CPU.Build.0 = Debug|Any CPU
		{A161C9D3-A336-42CC-A15B-314EAD46ED84}.Release|Any CPU.ActiveCfg = Release|Any CPU
		{A161C9D3-A336-42CC-A15B-314EAD46ED84}.Release|Any CPU.Build.0 = Release|Any CPU
	EndGlobalSection
	GlobalSection(SolutionProperties) = preSolution
		HideSolutionNode = FALSE
	EndGlobalSection
EndGlobal
