
Microsoft Visual Studio Solution File, Format Version 12.00
# Visual Studio 2013
VisualStudioVersion = 12.0.21005.1
MinimumVisualStudioVersion = 10.0.40219.1
Project("{FAE04EC0-301F-11D3-BF4B-00C04F79EFBC}") = "BookShopSystem.Models", "BookShopSystem.Models\BookShopSystem.Models.csproj", "{8EB2AF19-AEAF-43C0-B06D-8261638EC523}"
EndProject
Project("{FAE04EC0-301F-11D3-BF4B-00C04F79EFBC}") = "BookShopSystem.Data", "BookShopSystem.Data\BookShopSystem.Data.csproj", "{58B174D3-45D5-476B-B554-0C855CFA9D28}"
EndProject
Project("{FAE04EC0-301F-11D3-BF4B-00C04F79EFBC}") = "BookShopSystem.ConsoleClient", "BookShopSystem.ConsoleClient\BookShopSystem.ConsoleClient.csproj", "{CA0560F5-A664-4055-A906-B192EB43AC67}"
EndProject
Global
	GlobalSection(SolutionConfigurationPlatforms) = preSolution
		Debug|Any CPU = Debug|Any CPU
		Release|Any CPU = Release|Any CPU
	EndGlobalSection
	GlobalSection(ProjectConfigurationPlatforms) = postSolution
		{8EB2AF19-AEAF-43C0-B06D-8261638EC523}.Debug|Any CPU.ActiveCfg = Debug|Any CPU
		{8EB2AF19-AEAF-43C0-B06D-8261638EC523}.Debug|Any CPU.Build.0 = Debug|Any CPU
		{8EB2AF19-AEAF-43C0-B06D-8261638EC523}.Release|Any CPU.ActiveCfg = Release|Any CPU
		{8EB2AF19-AEAF-43C0-B06D-8261638EC523}.Release|Any CPU.Build.0 = Release|Any CPU
		{58B174D3-45D5-476B-B554-0C855CFA9D28}.Debug|Any CPU.ActiveCfg = Debug|Any CPU
		{58B174D3-45D5-476B-B554-0C855CFA9D28}.Debug|Any CPU.Build.0 = Debug|Any CPU
		{58B174D3-45D5-476B-B554-0C855CFA9D28}.Release|Any CPU.ActiveCfg = Release|Any CPU
		{58B174D3-45D5-476B-B554-0C855CFA9D28}.Release|Any CPU.Build.0 = Release|Any CPU
		{CA0560F5-A664-4055-A906-B192EB43AC67}.Debug|Any CPU.ActiveCfg = Debug|Any CPU
		{CA0560F5-A664-4055-A906-B192EB43AC67}.Debug|Any CPU.Build.0 = Debug|Any CPU
		{CA0560F5-A664-4055-A906-B192EB43AC67}.Release|Any CPU.ActiveCfg = Release|Any CPU
		{CA0560F5-A664-4055-A906-B192EB43AC67}.Release|Any CPU.Build.0 = Release|Any CPU
	EndGlobalSection
	GlobalSection(SolutionProperties) = preSolution
		HideSolutionNode = FALSE
	EndGlobalSection
EndGlobal
