
Microsoft Visual Studio Solution File, Format Version 12.00
# Visual Studio 2013
VisualStudioVersion = 12.0.31101.0
MinimumVisualStudioVersion = 10.0.40219.1
Project("{FAE04EC0-301F-11D3-BF4B-00C04F79EFBC}") = "RotatingWalkInMatrix", "RotatingWalkInMatrix\RotatingWalkInMatrix.csproj", "{FEA7625B-3362-40B8-812F-A6FABFF03C7C}"
EndProject
Project("{FAE04EC0-301F-11D3-BF4B-00C04F79EFBC}") = "RotatingWalkInMatrixTests", "RotatingWalkInMatrixTests\RotatingWalkInMatrixTests.csproj", "{436AC8C2-B46B-400B-A9FB-DBFC7D0E1277}"
EndProject
Global
	GlobalSection(SolutionConfigurationPlatforms) = preSolution
		Debug|Any CPU = Debug|Any CPU
		Release|Any CPU = Release|Any CPU
	EndGlobalSection
	GlobalSection(ProjectConfigurationPlatforms) = postSolution
		{FEA7625B-3362-40B8-812F-A6FABFF03C7C}.Debug|Any CPU.ActiveCfg = Debug|Any CPU
		{FEA7625B-3362-40B8-812F-A6FABFF03C7C}.Debug|Any CPU.Build.0 = Debug|Any CPU
		{FEA7625B-3362-40B8-812F-A6FABFF03C7C}.Release|Any CPU.ActiveCfg = Release|Any CPU
		{FEA7625B-3362-40B8-812F-A6FABFF03C7C}.Release|Any CPU.Build.0 = Release|Any CPU
		{436AC8C2-B46B-400B-A9FB-DBFC7D0E1277}.Debug|Any CPU.ActiveCfg = Debug|Any CPU
		{436AC8C2-B46B-400B-A9FB-DBFC7D0E1277}.Debug|Any CPU.Build.0 = Debug|Any CPU
		{436AC8C2-B46B-400B-A9FB-DBFC7D0E1277}.Release|Any CPU.ActiveCfg = Release|Any CPU
		{436AC8C2-B46B-400B-A9FB-DBFC7D0E1277}.Release|Any CPU.Build.0 = Release|Any CPU
	EndGlobalSection
	GlobalSection(SolutionProperties) = preSolution
		HideSolutionNode = FALSE
	EndGlobalSection
EndGlobal
