
Microsoft Visual Studio Solution File, Format Version 12.00
# Visual Studio 14
VisualStudioVersion = 14.0.23107.0
MinimumVisualStudioVersion = 10.0.40219.1
Project("{FAE04EC0-301F-11D3-BF4B-00C04F79EFBC}") = "01. Dictionary", "01. Dictionary\01. Dictionary.csproj", "{F910B3E7-074E-4A2B-A079-ED8B7E1031A2}"
EndProject
Project("{FAE04EC0-301F-11D3-BF4B-00C04F79EFBC}") = "02. Count Symbols", "02. Count Symbols\02. Count Symbols.csproj", "{FBA57E1F-F804-48AC-A199-CD9BCF8CF3F5}"
EndProject
Project("{FAE04EC0-301F-11D3-BF4B-00C04F79EFBC}") = "03. Phonebook", "03. Phonebook\03. Phonebook.csproj", "{30466946-29BD-4FC5-AD48-9527CE3F70D8}"
EndProject
Project("{FAE04EC0-301F-11D3-BF4B-00C04F79EFBC}") = "04. Ordered Set", "04. Ordered Set\04. Ordered Set.csproj", "{FCD0DF5C-C7D5-4ACD-B8CF-5B6139C64F69}"
EndProject
Global
	GlobalSection(SolutionConfigurationPlatforms) = preSolution
		Debug|Any CPU = Debug|Any CPU
		Release|Any CPU = Release|Any CPU
	EndGlobalSection
	GlobalSection(ProjectConfigurationPlatforms) = postSolution
		{F910B3E7-074E-4A2B-A079-ED8B7E1031A2}.Debug|Any CPU.ActiveCfg = Debug|Any CPU
		{F910B3E7-074E-4A2B-A079-ED8B7E1031A2}.Debug|Any CPU.Build.0 = Debug|Any CPU
		{F910B3E7-074E-4A2B-A079-ED8B7E1031A2}.Release|Any CPU.ActiveCfg = Release|Any CPU
		{F910B3E7-074E-4A2B-A079-ED8B7E1031A2}.Release|Any CPU.Build.0 = Release|Any CPU
		{FBA57E1F-F804-48AC-A199-CD9BCF8CF3F5}.Debug|Any CPU.ActiveCfg = Debug|Any CPU
		{FBA57E1F-F804-48AC-A199-CD9BCF8CF3F5}.Debug|Any CPU.Build.0 = Debug|Any CPU
		{FBA57E1F-F804-48AC-A199-CD9BCF8CF3F5}.Release|Any CPU.ActiveCfg = Release|Any CPU
		{FBA57E1F-F804-48AC-A199-CD9BCF8CF3F5}.Release|Any CPU.Build.0 = Release|Any CPU
		{30466946-29BD-4FC5-AD48-9527CE3F70D8}.Debug|Any CPU.ActiveCfg = Debug|Any CPU
		{30466946-29BD-4FC5-AD48-9527CE3F70D8}.Debug|Any CPU.Build.0 = Debug|Any CPU
		{30466946-29BD-4FC5-AD48-9527CE3F70D8}.Release|Any CPU.ActiveCfg = Release|Any CPU
		{30466946-29BD-4FC5-AD48-9527CE3F70D8}.Release|Any CPU.Build.0 = Release|Any CPU
		{FCD0DF5C-C7D5-4ACD-B8CF-5B6139C64F69}.Debug|Any CPU.ActiveCfg = Debug|Any CPU
		{FCD0DF5C-C7D5-4ACD-B8CF-5B6139C64F69}.Debug|Any CPU.Build.0 = Debug|Any CPU
		{FCD0DF5C-C7D5-4ACD-B8CF-5B6139C64F69}.Release|Any CPU.ActiveCfg = Release|Any CPU
		{FCD0DF5C-C7D5-4ACD-B8CF-5B6139C64F69}.Release|Any CPU.Build.0 = Release|Any CPU
	EndGlobalSection
	GlobalSection(SolutionProperties) = preSolution
		HideSolutionNode = FALSE
	EndGlobalSection
EndGlobal
