
Microsoft Visual Studio Solution File, Format Version 12.00
# Visual Studio 2013
VisualStudioVersion = 12.0.31101.0
MinimumVisualStudioVersion = 10.0.40219.1
Project("{FAE04EC0-301F-11D3-BF4B-00C04F79EFBC}") = "01-Persons", "04-Persons\01-Persons.csproj", "{FFEE7F49-9B53-47AC-BF04-49617026CEAE}"
EndProject
Global
	GlobalSection(SolutionConfigurationPlatforms) = preSolution
		Debug|Any CPU = Debug|Any CPU
		Release|Any CPU = Release|Any CPU
	EndGlobalSection
	GlobalSection(ProjectConfigurationPlatforms) = postSolution
		{FFEE7F49-9B53-47AC-BF04-49617026CEAE}.Debug|Any CPU.ActiveCfg = Debug|Any CPU
		{FFEE7F49-9B53-47AC-BF04-49617026CEAE}.Debug|Any CPU.Build.0 = Debug|Any CPU
		{FFEE7F49-9B53-47AC-BF04-49617026CEAE}.Release|Any CPU.ActiveCfg = Release|Any CPU
		{FFEE7F49-9B53-47AC-BF04-49617026CEAE}.Release|Any CPU.Build.0 = Release|Any CPU
	EndGlobalSection
	GlobalSection(SolutionProperties) = preSolution
		HideSolutionNode = FALSE
	EndGlobalSection
EndGlobal
