
Microsoft Visual Studio Solution File, Format Version 12.00
# Visual Studio 2013
VisualStudioVersion = 12.0.21005.1
MinimumVisualStudioVersion = 10.0.40219.1
Project("{FAE04EC0-301F-11D3-BF4B-00C04F79EFBC}") = "02-LaptopShop", "02-LaptopShop\02-LaptopShop.csproj", "{2067F3A5-A798-48BC-8A74-A84531D6C248}"
EndProject
Project("{FAE04EC0-301F-11D3-BF4B-00C04F79EFBC}") = "01-Persons", "01-Persons\01-Persons.csproj", "{F5B2D80F-0CF3-4C0E-ADE9-6D73924CF9FB}"
EndProject
Global
	GlobalSection(SolutionConfigurationPlatforms) = preSolution
		Debug|Any CPU = Debug|Any CPU
		Release|Any CPU = Release|Any CPU
	EndGlobalSection
	GlobalSection(ProjectConfigurationPlatforms) = postSolution
		{2067F3A5-A798-48BC-8A74-A84531D6C248}.Debug|Any CPU.ActiveCfg = Debug|Any CPU
		{2067F3A5-A798-48BC-8A74-A84531D6C248}.Debug|Any CPU.Build.0 = Debug|Any CPU
		{2067F3A5-A798-48BC-8A74-A84531D6C248}.Release|Any CPU.ActiveCfg = Release|Any CPU
		{2067F3A5-A798-48BC-8A74-A84531D6C248}.Release|Any CPU.Build.0 = Release|Any CPU
		{F5B2D80F-0CF3-4C0E-ADE9-6D73924CF9FB}.Debug|Any CPU.ActiveCfg = Debug|Any CPU
		{F5B2D80F-0CF3-4C0E-ADE9-6D73924CF9FB}.Debug|Any CPU.Build.0 = Debug|Any CPU
		{F5B2D80F-0CF3-4C0E-ADE9-6D73924CF9FB}.Release|Any CPU.ActiveCfg = Release|Any CPU
		{F5B2D80F-0CF3-4C0E-ADE9-6D73924CF9FB}.Release|Any CPU.Build.0 = Release|Any CPU
	EndGlobalSection
	GlobalSection(SolutionProperties) = preSolution
		HideSolutionNode = FALSE
	EndGlobalSection
EndGlobal
