
Microsoft Visual Studio Solution File, Format Version 12.00
# Visual Studio 2013
VisualStudioVersion = 12.0.21005.1
MinimumVisualStudioVersion = 10.0.40219.1
Project("{FAE04EC0-301F-11D3-BF4B-00C04F79EFBC}") = "01. Employees with Salary Over 50 000", "01. Employees with Salary Over 50 000\01. Employees with Salary Over 50 000.csproj", "{F5FB3CEE-9504-4E69-AB27-5118F074F75F}"
EndProject
Project("{FAE04EC0-301F-11D3-BF4B-00C04F79EFBC}") = "02. Employees from Seattle", "02. Employees from Seattle\02. Employees from Seattle.csproj", "{200DE351-396A-46B7-9735-8226A3F7CBCB}"
EndProject
Project("{FAE04EC0-301F-11D3-BF4B-00C04F79EFBC}") = "03. Adding a New Address and Updating Employee", "03. Adding a New Address and Updating Employee\03. Adding a New Address and Updating Employee.csproj", "{AEFDC60F-B4FE-4E7D-891C-0821542EB08A}"
EndProject
Project("{FAE04EC0-301F-11D3-BF4B-00C04F79EFBC}") = "04. Deleting Project By Id", "04. Deleting Project By Id\04. Deleting Project By Id.csproj", "{DA003DC7-C1A4-44FF-AA58-02DF75F6836A}"
EndProject
Global
	GlobalSection(SolutionConfigurationPlatforms) = preSolution
		Debug|Any CPU = Debug|Any CPU
		Release|Any CPU = Release|Any CPU
	EndGlobalSection
	GlobalSection(ProjectConfigurationPlatforms) = postSolution
		{F5FB3CEE-9504-4E69-AB27-5118F074F75F}.Debug|Any CPU.ActiveCfg = Debug|Any CPU
		{F5FB3CEE-9504-4E69-AB27-5118F074F75F}.Debug|Any CPU.Build.0 = Debug|Any CPU
		{F5FB3CEE-9504-4E69-AB27-5118F074F75F}.Release|Any CPU.ActiveCfg = Release|Any CPU
		{F5FB3CEE-9504-4E69-AB27-5118F074F75F}.Release|Any CPU.Build.0 = Release|Any CPU
		{200DE351-396A-46B7-9735-8226A3F7CBCB}.Debug|Any CPU.ActiveCfg = Debug|Any CPU
		{200DE351-396A-46B7-9735-8226A3F7CBCB}.Debug|Any CPU.Build.0 = Debug|Any CPU
		{200DE351-396A-46B7-9735-8226A3F7CBCB}.Release|Any CPU.ActiveCfg = Release|Any CPU
		{200DE351-396A-46B7-9735-8226A3F7CBCB}.Release|Any CPU.Build.0 = Release|Any CPU
		{AEFDC60F-B4FE-4E7D-891C-0821542EB08A}.Debug|Any CPU.ActiveCfg = Debug|Any CPU
		{AEFDC60F-B4FE-4E7D-891C-0821542EB08A}.Debug|Any CPU.Build.0 = Debug|Any CPU
		{AEFDC60F-B4FE-4E7D-891C-0821542EB08A}.Release|Any CPU.ActiveCfg = Release|Any CPU
		{AEFDC60F-B4FE-4E7D-891C-0821542EB08A}.Release|Any CPU.Build.0 = Release|Any CPU
		{DA003DC7-C1A4-44FF-AA58-02DF75F6836A}.Debug|Any CPU.ActiveCfg = Debug|Any CPU
		{DA003DC7-C1A4-44FF-AA58-02DF75F6836A}.Debug|Any CPU.Build.0 = Debug|Any CPU
		{DA003DC7-C1A4-44FF-AA58-02DF75F6836A}.Release|Any CPU.ActiveCfg = Release|Any CPU
		{DA003DC7-C1A4-44FF-AA58-02DF75F6836A}.Release|Any CPU.Build.0 = Release|Any CPU
	EndGlobalSection
	GlobalSection(SolutionProperties) = preSolution
		HideSolutionNode = FALSE
	EndGlobalSection
EndGlobal
